
Microsoft Visual Studio Solution File, Format Version 12.00
# Visual Studio Version 17
VisualStudioVersion = 17.7.34031.279
MinimumVisualStudioVersion = 10.0.40219.1
Project("{8BC9CEB8-8B4A-11D0-8D11-00A0C91BC942}") = "MatrixTotalizer", "MatrixTotalizer\MatrixTotalizer.vcxproj", "{CBB23F1F-1444-456E-B2AF-C4B899DE2512}"
EndProject
Global
	GlobalSection(SolutionConfigurationPlatforms) = preSolution
		Debug|x64 = Debug|x64
		Debug|x86 = Debug|x86
		Release|x64 = Release|x64
		Release|x86 = Release|x86
	EndGlobalSection
	GlobalSection(ProjectConfigurationPlatforms) = postSolution
		{CBB23F1F-1444-456E-B2AF-C4B899DE2512}.Debug|x64.ActiveCfg = Debug|x64
		{CBB23F1F-1444-456E-B2AF-C4B899DE2512}.Debug|x64.Build.0 = Debug|x64
		{CBB23F1F-1444-456E-B2AF-C4B899DE2512}.Debug|x86.ActiveCfg = Debug|Win32
		{CBB23F1F-1444-456E-B2AF-C4B899DE2512}.Debug|x86.Build.0 = Debug|Win32
		{CBB23F1F-1444-456E-B2AF-C4B899DE2512}.Release|x64.ActiveCfg = Release|x64
		{CBB23F1F-1444-456E-B2AF-C4B899DE2512}.Release|x64.Build.0 = Release|x64
		{CBB23F1F-1444-456E-B2AF-C4B899DE2512}.Release|x86.ActiveCfg = Release|Win32
		{CBB23F1F-1444-456E-B2AF-C4B899DE2512}.Release|x86.Build.0 = Release|Win32
	EndGlobalSection
	GlobalSection(SolutionProperties) = preSolution
		HideSolutionNode = FALSE
	EndGlobalSection
	GlobalSection(ExtensibilityGlobals) = postSolution
		SolutionGuid = {BDB1B667-D9D1-4D06-9A18-2A4C01780B44}
	EndGlobalSection
EndGlobal
